# THIS IS AN AUTOGENERATED FILE. DO NOT EDIT THIS FILE DIRECTLY.
# yarn lockfile v1


"@types/pluralize@^0.0.29":
  version "0.0.29"
  resolved "https://npm.geocuba.cu/@types%2fpluralize/-/pluralize-0.0.29.tgz#6ffa33ed1fc8813c469b859681d09707eb40d03c"
  integrity sha512-BYOID+l2Aco2nBik+iYS4SZX0Lf20KPILP5RGmM1IgzdwNdTs0eebiFriOPcej1sX9mLnSoiNte5zcFxssgpGA==

joi-to-swagger@^5.2.0:
  version "5.2.0"
  resolved "https://npm.geocuba.cu/joi-to-swagger/-/joi-to-swagger-5.2.0.tgz#d9c770050eed09e8d1d0d5b23b9101bcfdcd3ef6"
  integrity sha512-G/zr+j9L7UslwuYu3HEeX/IO/0PUb1ESwhDz8VqQOLbYWiEpD6ymaCeR0Eyko4WCN5IAOJ4vXj23ZI2M/GpwNg==
  dependencies:
    lodash "^4.17.20"

lodash@^4.17.20:
  version "4.17.21"
  resolved "https://npm.geocuba.cu/lodash/-/lodash-4.17.21.tgz#679591c564c3bffaae8454cf0b3df370c3d6911c"
  integrity sha512-v2kDEe57lecTulaDIuNTPy3Ry4gLGJ6Z1O3vE1krgXZNrsQ+LFTGHVxVjcXPs17LhbZVGedAJv8XZ1tvj5FvSg==

pluralize@^8.0.0:
  version "8.0.0"
  resolved "https://npm.geocuba.cu/pluralize/-/pluralize-8.0.0.tgz#1a6fa16a38d12a1901e0320fa017051c539ce3b1"
  integrity sha512-Nc3IT5yHzflTfbjgqWcCPpo7DaKy4FnpB0l/zCAW0Tc7jxAiuqSxHasntB3D7887LSrA93kDJ9IXovxJYxyLCA==

typescript@^4.3.5:
  version "4.3.5"
  resolved "https://npm.geocuba.cu/typescript/-/typescript-4.3.5.tgz#4d1c37cc16e893973c45a06886b7113234f119f4"
  integrity sha512-DqQgihaQ9cUrskJo9kIyW/+g0Vxsk8cDtZ52a3NGh0YNTfpUSArXSohyUGnvbPazEPLu398C0UxmKSOrPumUzA==
